
Microsoft Visual Studio Solution File, Format Version 12.00
# Visual Studio 2013
VisualStudioVersion = 12.0.31101.0
MinimumVisualStudioVersion = 10.0.40219.1
Project("{FAE04EC0-301F-11D3-BF4B-00C04F79EFBC}") = "Plataform3PS", "Plataform3PS\Plataform3PS.csproj", "{4A59C34E-979F-4DC7-9459-EF416A9071DD}"
EndProject
Project("{FAE04EC0-301F-11D3-BF4B-00C04F79EFBC}") = "Plataform3PS.Tests", "Plataform3PS.Tests\Plataform3PS.Tests.csproj", "{413DFE76-E04E-4FA0-9A45-90E752F3DE97}"
EndProject
Global
	GlobalSection(SolutionConfigurationPlatforms) = preSolution
		Debug|Any CPU = Debug|Any CPU
		Release|Any CPU = Release|Any CPU
	EndGlobalSection
	GlobalSection(ProjectConfigurationPlatforms) = postSolution
		{4A59C34E-979F-4DC7-9459-EF416A9071DD}.Debug|Any CPU.ActiveCfg = Debug|Any CPU
		{4A59C34E-979F-4DC7-9459-EF416A9071DD}.Debug|Any CPU.Build.0 = Debug|Any CPU
		{4A59C34E-979F-4DC7-9459-EF416A9071DD}.Release|Any CPU.ActiveCfg = Release|Any CPU
		{4A59C34E-979F-4DC7-9459-EF416A9071DD}.Release|Any CPU.Build.0 = Release|Any CPU
		{413DFE76-E04E-4FA0-9A45-90E752F3DE97}.Debug|Any CPU.ActiveCfg = Debug|Any CPU
		{413DFE76-E04E-4FA0-9A45-90E752F3DE97}.Debug|Any CPU.Build.0 = Debug|Any CPU
		{413DFE76-E04E-4FA0-9A45-90E752F3DE97}.Release|Any CPU.ActiveCfg = Release|Any CPU
		{413DFE76-E04E-4FA0-9A45-90E752F3DE97}.Release|Any CPU.Build.0 = Release|Any CPU
	EndGlobalSection
	GlobalSection(SolutionProperties) = preSolution
		HideSolutionNode = FALSE
	EndGlobalSection
EndGlobal
